
Microsoft Visual Studio Solution File, Format Version 12.00
# Visual Studio Version 16
VisualStudioVersion = 16.0.29806.167
MinimumVisualStudioVersion = 10.0.40219.1
Project("{FAE04EC0-301F-11D3-BF4B-00C04F79EFBC}") = "My_shoppping_site", "My_shoppping_site\My_shoppping_site.csproj", "{C632C281-3CCF-4D28-BA3F-F40173D4F9FC}"
EndProject
Global
	GlobalSection(SolutionConfigurationPlatforms) = preSolution
		Debug|Any CPU = Debug|Any CPU
		Release|Any CPU = Release|Any CPU
	EndGlobalSection
	GlobalSection(ProjectConfigurationPlatforms) = postSolution
		{C632C281-3CCF-4D28-BA3F-F40173D4F9FC}.Debug|Any CPU.ActiveCfg = Debug|Any CPU
		{C632C281-3CCF-4D28-BA3F-F40173D4F9FC}.Debug|Any CPU.Build.0 = Debug|Any CPU
		{C632C281-3CCF-4D28-BA3F-F40173D4F9FC}.Release|Any CPU.ActiveCfg = Release|Any CPU
		{C632C281-3CCF-4D28-BA3F-F40173D4F9FC}.Release|Any CPU.Build.0 = Release|Any CPU
	EndGlobalSection
	GlobalSection(SolutionProperties) = preSolution
		HideSolutionNode = FALSE
	EndGlobalSection
	GlobalSection(ExtensibilityGlobals) = postSolution
		SolutionGuid = {936C3BE6-D86A-495E-A68D-08C317D45C26}
	EndGlobalSection
EndGlobal
